
Microsoft Visual Studio Solution File, Format Version 12.00
# Visual Studio Version 16
VisualStudioVersion = 16.0.29020.237
MinimumVisualStudioVersion = 10.0.40219.1
Project("{FAE04EC0-301F-11D3-BF4B-00C04F79EFBC}") = "CH01_HW01", "CH01_HW01\CH01_HW01.csproj", "{8AFDE239-3539-48B6-A6D5-4366C8B13533}"
EndProject
Project("{FAE04EC0-301F-11D3-BF4B-00C04F79EFBC}") = "CH01_HW02", "CH01_HW02\CH01_HW02.csproj", "{1DCB2468-517D-4302-B586-29F14D1A8278}"
EndProject
Project("{FAE04EC0-301F-11D3-BF4B-00C04F79EFBC}") = "CH01_HW03", "CH01_HW03\CH01_HW03.csproj", "{EC08C589-5703-4D91-BD69-1C99133CD673}"
EndProject
Project("{FAE04EC0-301F-11D3-BF4B-00C04F79EFBC}") = "CH01_HW04", "CH01_HW04\CH01_HW04.csproj", "{500A2856-65D0-431A-9D95-F480408CF9B6}"
EndProject
Project("{FAE04EC0-301F-11D3-BF4B-00C04F79EFBC}") = "CH01_HW05", "CH01_HW05\CH01_HW05.csproj", "{F37C2E3E-85C3-430D-AF8A-67E8BC8675C3}"
EndProject
Project("{FAE04EC0-301F-11D3-BF4B-00C04F79EFBC}") = "CH01_HW06", "CH01_HW06\CH01_HW06.csproj", "{4FB83C5C-96EA-4A77-9CCB-A9F6F334C661}"
EndProject
Project("{FAE04EC0-301F-11D3-BF4B-00C04F79EFBC}") = "CH01_HW07", "CH01_HW07\CH01_HW07.csproj", "{97DB3FCF-35DA-4952-8C3F-4384EC848168}"
EndProject
Project("{FAE04EC0-301F-11D3-BF4B-00C04F79EFBC}") = "CH01_HW08", "CH01_HW08\CH01_HW08.csproj", "{14E7BBA0-6935-4A13-A95E-41DEFFDC6652}"
EndProject
Project("{FAE04EC0-301F-11D3-BF4B-00C04F79EFBC}") = "CH01_HW09", "CH01_HW09\CH01_HW09.csproj", "{05A77D4B-1903-4465-9550-36D7A430C6B5}"
EndProject
Project("{FAE04EC0-301F-11D3-BF4B-00C04F79EFBC}") = "CH01_HW10", "CH01_HW10\CH01_HW10.csproj", "{BF72F380-1924-4AEC-800F-48E23A89A2FC}"
EndProject
Global
	GlobalSection(SolutionConfigurationPlatforms) = preSolution
		Debug|Any CPU = Debug|Any CPU
		Release|Any CPU = Release|Any CPU
	EndGlobalSection
	GlobalSection(ProjectConfigurationPlatforms) = postSolution
		{8AFDE239-3539-48B6-A6D5-4366C8B13533}.Debug|Any CPU.ActiveCfg = Debug|Any CPU
		{8AFDE239-3539-48B6-A6D5-4366C8B13533}.Debug|Any CPU.Build.0 = Debug|Any CPU
		{8AFDE239-3539-48B6-A6D5-4366C8B13533}.Release|Any CPU.ActiveCfg = Release|Any CPU
		{8AFDE239-3539-48B6-A6D5-4366C8B13533}.Release|Any CPU.Build.0 = Release|Any CPU
		{1DCB2468-517D-4302-B586-29F14D1A8278}.Debug|Any CPU.ActiveCfg = Debug|Any CPU
		{1DCB2468-517D-4302-B586-29F14D1A8278}.Debug|Any CPU.Build.0 = Debug|Any CPU
		{1DCB2468-517D-4302-B586-29F14D1A8278}.Release|Any CPU.ActiveCfg = Release|Any CPU
		{1DCB2468-517D-4302-B586-29F14D1A8278}.Release|Any CPU.Build.0 = Release|Any CPU
		{EC08C589-5703-4D91-BD69-1C99133CD673}.Debug|Any CPU.ActiveCfg = Debug|Any CPU
		{EC08C589-5703-4D91-BD69-1C99133CD673}.Debug|Any CPU.Build.0 = Debug|Any CPU
		{EC08C589-5703-4D91-BD69-1C99133CD673}.Release|Any CPU.ActiveCfg = Release|Any CPU
		{EC08C589-5703-4D91-BD69-1C99133CD673}.Release|Any CPU.Build.0 = Release|Any CPU
		{500A2856-65D0-431A-9D95-F480408CF9B6}.Debug|Any CPU.ActiveCfg = Debug|Any CPU
		{500A2856-65D0-431A-9D95-F480408CF9B6}.Debug|Any CPU.Build.0 = Debug|Any CPU
		{500A2856-65D0-431A-9D95-F480408CF9B6}.Release|Any CPU.ActiveCfg = Release|Any CPU
		{500A2856-65D0-431A-9D95-F480408CF9B6}.Release|Any CPU.Build.0 = Release|Any CPU
		{F37C2E3E-85C3-430D-AF8A-67E8BC8675C3}.Debug|Any CPU.ActiveCfg = Debug|Any CPU
		{F37C2E3E-85C3-430D-AF8A-67E8BC8675C3}.Debug|Any CPU.Build.0 = Debug|Any CPU
		{F37C2E3E-85C3-430D-AF8A-67E8BC8675C3}.Release|Any CPU.ActiveCfg = Release|Any CPU
		{F37C2E3E-85C3-430D-AF8A-67E8BC8675C3}.Release|Any CPU.Build.0 = Release|Any CPU
		{4FB83C5C-96EA-4A77-9CCB-A9F6F334C661}.Debug|Any CPU.ActiveCfg = Debug|Any CPU
		{4FB83C5C-96EA-4A77-9CCB-A9F6F334C661}.Debug|Any CPU.Build.0 = Debug|Any CPU
		{4FB83C5C-96EA-4A77-9CCB-A9F6F334C661}.Release|Any CPU.ActiveCfg = Release|Any CPU
		{4FB83C5C-96EA-4A77-9CCB-A9F6F334C661}.Release|Any CPU.Build.0 = Release|Any CPU
		{97DB3FCF-35DA-4952-8C3F-4384EC848168}.Debug|Any CPU.ActiveCfg = Debug|Any CPU
		{97DB3FCF-35DA-4952-8C3F-4384EC848168}.Debug|Any CPU.Build.0 = Debug|Any CPU
		{97DB3FCF-35DA-4952-8C3F-4384EC848168}.Release|Any CPU.ActiveCfg = Release|Any CPU
		{97DB3FCF-35DA-4952-8C3F-4384EC848168}.Release|Any CPU.Build.0 = Release|Any CPU
		{14E7BBA0-6935-4A13-A95E-41DEFFDC6652}.Debug|Any CPU.ActiveCfg = Debug|Any CPU
		{14E7BBA0-6935-4A13-A95E-41DEFFDC6652}.Debug|Any CPU.Build.0 = Debug|Any CPU
		{14E7BBA0-6935-4A13-A95E-41DEFFDC6652}.Release|Any CPU.ActiveCfg = Release|Any CPU
		{14E7BBA0-6935-4A13-A95E-41DEFFDC6652}.Release|Any CPU.Build.0 = Release|Any CPU
		{05A77D4B-1903-4465-9550-36D7A430C6B5}.Debug|Any CPU.ActiveCfg = Debug|Any CPU
		{05A77D4B-1903-4465-9550-36D7A430C6B5}.Debug|Any CPU.Build.0 = Debug|Any CPU
		{05A77D4B-1903-4465-9550-36D7A430C6B5}.Release|Any CPU.ActiveCfg = Release|Any CPU
		{05A77D4B-1903-4465-9550-36D7A430C6B5}.Release|Any CPU.Build.0 = Release|Any CPU
		{BF72F380-1924-4AEC-800F-48E23A89A2FC}.Debug|Any CPU.ActiveCfg = Debug|Any CPU
		{BF72F380-1924-4AEC-800F-48E23A89A2FC}.Debug|Any CPU.Build.0 = Debug|Any CPU
		{BF72F380-1924-4AEC-800F-48E23A89A2FC}.Release|Any CPU.ActiveCfg = Release|Any CPU
		{BF72F380-1924-4AEC-800F-48E23A89A2FC}.Release|Any CPU.Build.0 = Release|Any CPU
	EndGlobalSection
	GlobalSection(SolutionProperties) = preSolution
		HideSolutionNode = FALSE
	EndGlobalSection
	GlobalSection(ExtensibilityGlobals) = postSolution
		SolutionGuid = {45BF2792-7085-4A3D-8A03-24171BCF6A10}
	EndGlobalSection
EndGlobal
