
Microsoft Visual Studio Solution File, Format Version 12.00
# Visual Studio Version 16
VisualStudioVersion = 16.0.29020.237
MinimumVisualStudioVersion = 10.0.40219.1
Project("{FAE04EC0-301F-11D3-BF4B-00C04F79EFBC}") = "CH01_HW01", "CH01_HW01\CH01_HW01.csproj", "{8AFDE239-3539-48B6-A6D5-4366C8B13533}"
EndProject
Project("{FAE04EC0-301F-11D3-BF4B-00C04F79EFBC}") = "CH01_HW02", "CH01_HW02\CH01_HW02.csproj", "{1DCB2468-517D-4302-B586-29F14D1A8278}"
EndProject
Project("{FAE04EC0-301F-11D3-BF4B-00C04F79EFBC}") = "CH01_HW03", "CH01_HW03\CH01_HW03.csproj", "{EC08C589-5703-4D91-BD69-1C99133CD673}"
EndProject
Project("{FAE04EC0-301F-11D3-BF4B-00C04F79EFBC}") = "CH01_HW04", "CH01_HW04\CH01_HW04.csproj", "{500A2856-65D0-431A-9D95-F480408CF9B6}"
EndProject
Project("{FAE04EC0-301F-11D3-BF4B-00C04F79EFBC}") = "CH01_HW05", "CH01_HW05\CH01_HW05.csproj", "{F37C2E3E-85C3-430D-AF8A-67E8BC8675C3}"
EndProject
Project("{FAE04EC0-301F-11D3-BF4B-00C04F79EFBC}") = "CH01_HW06", "CH01_HW06\CH01_HW06.csproj", "{4FB83C5C-96EA-4A77-9CCB-A9F6F334C661}"
EndProject
Project("{FAE04EC0-301F-11D3-BF4B-00C04F79EFBC}") = "CH01_HW07", "CH01_HW07\CH01_HW07.csproj", "{97DB3FCF-35DA-4952-8C3F-4384EC848168}"
EndProject
Project("{FAE04EC0-301F-11D3-BF4B-00C04F79EFBC}") = "CH01_HW08", "CH01_HW08\CH01_HW08.csproj", "{14E7BBA0-6935-4A13-A95E-41DEFFDC6652}"
EndProject
Project("{FAE04EC0-301F-11D3-BF4B-00C04F79EFBC}") = "CH01_HW09", "CH01_HW09\CH01_HW09.csproj", "{05A77D4B-1903-4465-9550-36D7A430C6B5}"
EndProject
Project("{FAE04EC0-301F-11D3-BF4B-00C04F79EFBC}") = "CH01_HW10", "CH01_HW10\CH01_HW10.csproj", "{BF72F380-1924-4AEC-800F-48E23A89A2FC}"
EndProject
Project("{FAE04EC0-301F-11D3-BF4B-00C04F79EFBC}") = "CH02_HW01", "CH02_HW01\CH02_HW01.csproj", "{990FA096-705B-4A71-8DFA-CBDF4E610AC1}"
EndProject
Project("{FAE04EC0-301F-11D3-BF4B-00C04F79EFBC}") = "CH02_HW02", "CH02_HW02\CH02_HW02.csproj", "{C496D17F-821C-4202-ABA3-9C7CD546011D}"
EndProject
Project("{FAE04EC0-301F-11D3-BF4B-00C04F79EFBC}") = "CH02_HW03", "CH02_HW03\CH02_HW03.csproj", "{766DAE11-8433-47CD-91EB-404700047D57}"
EndProject
Project("{FAE04EC0-301F-11D3-BF4B-00C04F79EFBC}") = "CH02_HW04", "CH02_HW04\CH02_HW04.csproj", "{8A9C8F4C-1C0E-429B-B5AA-49696FF5203F}"
EndProject
Project("{FAE04EC0-301F-11D3-BF4B-00C04F79EFBC}") = "CH02_HW05", "CH02_HW05\CH02_HW05.csproj", "{D22A4A09-29FF-419F-92EE-93C73A0D2A44}"
EndProject
Project("{FAE04EC0-301F-11D3-BF4B-00C04F79EFBC}") = "CH02_HW06", "CH02_HW06\CH02_HW06.csproj", "{0C023C5A-107E-422C-9968-19DD5AE6002F}"
EndProject
Project("{FAE04EC0-301F-11D3-BF4B-00C04F79EFBC}") = "CH02_HW07", "CH02_HW07\CH02_HW07.csproj", "{97AA4280-82BF-4430-8B1E-F4947D8E496E}"
EndProject
Project("{FAE04EC0-301F-11D3-BF4B-00C04F79EFBC}") = "CH02_HW08", "CH02_HW08\CH02_HW08.csproj", "{499B3335-E4B2-477F-9295-6765A6CA0950}"
EndProject
Project("{FAE04EC0-301F-11D3-BF4B-00C04F79EFBC}") = "CH02_HW09", "CH02_HW09\CH02_HW09.csproj", "{623B723D-4D65-4BF8-B048-40742B171C40}"
EndProject
Project("{FAE04EC0-301F-11D3-BF4B-00C04F79EFBC}") = "CH02_HW10", "CH02_HW10\CH02_HW10.csproj", "{6C46D6F6-8FB5-456C-854D-ABD898E8773E}"
EndProject
Global
	GlobalSection(SolutionConfigurationPlatforms) = preSolution
		Debug|Any CPU = Debug|Any CPU
		Release|Any CPU = Release|Any CPU
	EndGlobalSection
	GlobalSection(ProjectConfigurationPlatforms) = postSolution
		{8AFDE239-3539-48B6-A6D5-4366C8B13533}.Debug|Any CPU.ActiveCfg = Debug|Any CPU
		{8AFDE239-3539-48B6-A6D5-4366C8B13533}.Debug|Any CPU.Build.0 = Debug|Any CPU
		{8AFDE239-3539-48B6-A6D5-4366C8B13533}.Release|Any CPU.ActiveCfg = Release|Any CPU
		{8AFDE239-3539-48B6-A6D5-4366C8B13533}.Release|Any CPU.Build.0 = Release|Any CPU
		{1DCB2468-517D-4302-B586-29F14D1A8278}.Debug|Any CPU.ActiveCfg = Debug|Any CPU
		{1DCB2468-517D-4302-B586-29F14D1A8278}.Debug|Any CPU.Build.0 = Debug|Any CPU
		{1DCB2468-517D-4302-B586-29F14D1A8278}.Release|Any CPU.ActiveCfg = Release|Any CPU
		{1DCB2468-517D-4302-B586-29F14D1A8278}.Release|Any CPU.Build.0 = Release|Any CPU
		{EC08C589-5703-4D91-BD69-1C99133CD673}.Debug|Any CPU.ActiveCfg = Debug|Any CPU
		{EC08C589-5703-4D91-BD69-1C99133CD673}.Debug|Any CPU.Build.0 = Debug|Any CPU
		{EC08C589-5703-4D91-BD69-1C99133CD673}.Release|Any CPU.ActiveCfg = Release|Any CPU
		{EC08C589-5703-4D91-BD69-1C99133CD673}.Release|Any CPU.Build.0 = Release|Any CPU
		{500A2856-65D0-431A-9D95-F480408CF9B6}.Debug|Any CPU.ActiveCfg = Debug|Any CPU
		{500A2856-65D0-431A-9D95-F480408CF9B6}.Debug|Any CPU.Build.0 = Debug|Any CPU
		{500A2856-65D0-431A-9D95-F480408CF9B6}.Release|Any CPU.ActiveCfg = Release|Any CPU
		{500A2856-65D0-431A-9D95-F480408CF9B6}.Release|Any CPU.Build.0 = Release|Any CPU
		{F37C2E3E-85C3-430D-AF8A-67E8BC8675C3}.Debug|Any CPU.ActiveCfg = Debug|Any CPU
		{F37C2E3E-85C3-430D-AF8A-67E8BC8675C3}.Debug|Any CPU.Build.0 = Debug|Any CPU
		{F37C2E3E-85C3-430D-AF8A-67E8BC8675C3}.Release|Any CPU.ActiveCfg = Release|Any CPU
		{F37C2E3E-85C3-430D-AF8A-67E8BC8675C3}.Release|Any CPU.Build.0 = Release|Any CPU
		{4FB83C5C-96EA-4A77-9CCB-A9F6F334C661}.Debug|Any CPU.ActiveCfg = Debug|Any CPU
		{4FB83C5C-96EA-4A77-9CCB-A9F6F334C661}.Debug|Any CPU.Build.0 = Debug|Any CPU
		{4FB83C5C-96EA-4A77-9CCB-A9F6F334C661}.Release|Any CPU.ActiveCfg = Release|Any CPU
		{4FB83C5C-96EA-4A77-9CCB-A9F6F334C661}.Release|Any CPU.Build.0 = Release|Any CPU
		{97DB3FCF-35DA-4952-8C3F-4384EC848168}.Debug|Any CPU.ActiveCfg = Debug|Any CPU
		{97DB3FCF-35DA-4952-8C3F-4384EC848168}.Debug|Any CPU.Build.0 = Debug|Any CPU
		{97DB3FCF-35DA-4952-8C3F-4384EC848168}.Release|Any CPU.ActiveCfg = Release|Any CPU
		{97DB3FCF-35DA-4952-8C3F-4384EC848168}.Release|Any CPU.Build.0 = Release|Any CPU
		{14E7BBA0-6935-4A13-A95E-41DEFFDC6652}.Debug|Any CPU.ActiveCfg = Debug|Any CPU
		{14E7BBA0-6935-4A13-A95E-41DEFFDC6652}.Debug|Any CPU.Build.0 = Debug|Any CPU
		{14E7BBA0-6935-4A13-A95E-41DEFFDC6652}.Release|Any CPU.ActiveCfg = Release|Any CPU
		{14E7BBA0-6935-4A13-A95E-41DEFFDC6652}.Release|Any CPU.Build.0 = Release|Any CPU
		{05A77D4B-1903-4465-9550-36D7A430C6B5}.Debug|Any CPU.ActiveCfg = Debug|Any CPU
		{05A77D4B-1903-4465-9550-36D7A430C6B5}.Debug|Any CPU.Build.0 = Debug|Any CPU
		{05A77D4B-1903-4465-9550-36D7A430C6B5}.Release|Any CPU.ActiveCfg = Release|Any CPU
		{05A77D4B-1903-4465-9550-36D7A430C6B5}.Release|Any CPU.Build.0 = Release|Any CPU
		{BF72F380-1924-4AEC-800F-48E23A89A2FC}.Debug|Any CPU.ActiveCfg = Debug|Any CPU
		{BF72F380-1924-4AEC-800F-48E23A89A2FC}.Debug|Any CPU.Build.0 = Debug|Any CPU
		{BF72F380-1924-4AEC-800F-48E23A89A2FC}.Release|Any CPU.ActiveCfg = Release|Any CPU
		{BF72F380-1924-4AEC-800F-48E23A89A2FC}.Release|Any CPU.Build.0 = Release|Any CPU
		{990FA096-705B-4A71-8DFA-CBDF4E610AC1}.Debug|Any CPU.ActiveCfg = Debug|Any CPU
		{990FA096-705B-4A71-8DFA-CBDF4E610AC1}.Debug|Any CPU.Build.0 = Debug|Any CPU
		{990FA096-705B-4A71-8DFA-CBDF4E610AC1}.Release|Any CPU.ActiveCfg = Release|Any CPU
		{990FA096-705B-4A71-8DFA-CBDF4E610AC1}.Release|Any CPU.Build.0 = Release|Any CPU
		{C496D17F-821C-4202-ABA3-9C7CD546011D}.Debug|Any CPU.ActiveCfg = Debug|Any CPU
		{C496D17F-821C-4202-ABA3-9C7CD546011D}.Debug|Any CPU.Build.0 = Debug|Any CPU
		{C496D17F-821C-4202-ABA3-9C7CD546011D}.Release|Any CPU.ActiveCfg = Release|Any CPU
		{C496D17F-821C-4202-ABA3-9C7CD546011D}.Release|Any CPU.Build.0 = Release|Any CPU
		{766DAE11-8433-47CD-91EB-404700047D57}.Debug|Any CPU.ActiveCfg = Debug|Any CPU
		{766DAE11-8433-47CD-91EB-404700047D57}.Debug|Any CPU.Build.0 = Debug|Any CPU
		{766DAE11-8433-47CD-91EB-404700047D57}.Release|Any CPU.ActiveCfg = Release|Any CPU
		{766DAE11-8433-47CD-91EB-404700047D57}.Release|Any CPU.Build.0 = Release|Any CPU
		{8A9C8F4C-1C0E-429B-B5AA-49696FF5203F}.Debug|Any CPU.ActiveCfg = Debug|Any CPU
		{8A9C8F4C-1C0E-429B-B5AA-49696FF5203F}.Debug|Any CPU.Build.0 = Debug|Any CPU
		{8A9C8F4C-1C0E-429B-B5AA-49696FF5203F}.Release|Any CPU.ActiveCfg = Release|Any CPU
		{8A9C8F4C-1C0E-429B-B5AA-49696FF5203F}.Release|Any CPU.Build.0 = Release|Any CPU
		{D22A4A09-29FF-419F-92EE-93C73A0D2A44}.Debug|Any CPU.ActiveCfg = Debug|Any CPU
		{D22A4A09-29FF-419F-92EE-93C73A0D2A44}.Debug|Any CPU.Build.0 = Debug|Any CPU
		{D22A4A09-29FF-419F-92EE-93C73A0D2A44}.Release|Any CPU.ActiveCfg = Release|Any CPU
		{D22A4A09-29FF-419F-92EE-93C73A0D2A44}.Release|Any CPU.Build.0 = Release|Any CPU
		{0C023C5A-107E-422C-9968-19DD5AE6002F}.Debug|Any CPU.ActiveCfg = Debug|Any CPU
		{0C023C5A-107E-422C-9968-19DD5AE6002F}.Debug|Any CPU.Build.0 = Debug|Any CPU
		{0C023C5A-107E-422C-9968-19DD5AE6002F}.Release|Any CPU.ActiveCfg = Release|Any CPU
		{0C023C5A-107E-422C-9968-19DD5AE6002F}.Release|Any CPU.Build.0 = Release|Any CPU
		{97AA4280-82BF-4430-8B1E-F4947D8E496E}.Debug|Any CPU.ActiveCfg = Debug|Any CPU
		{97AA4280-82BF-4430-8B1E-F4947D8E496E}.Debug|Any CPU.Build.0 = Debug|Any CPU
		{97AA4280-82BF-4430-8B1E-F4947D8E496E}.Release|Any CPU.ActiveCfg = Release|Any CPU
		{97AA4280-82BF-4430-8B1E-F4947D8E496E}.Release|Any CPU.Build.0 = Release|Any CPU
		{499B3335-E4B2-477F-9295-6765A6CA0950}.Debug|Any CPU.ActiveCfg = Debug|Any CPU
		{499B3335-E4B2-477F-9295-6765A6CA0950}.Debug|Any CPU.Build.0 = Debug|Any CPU
		{499B3335-E4B2-477F-9295-6765A6CA0950}.Release|Any CPU.ActiveCfg = Release|Any CPU
		{499B3335-E4B2-477F-9295-6765A6CA0950}.Release|Any CPU.Build.0 = Release|Any CPU
		{623B723D-4D65-4BF8-B048-40742B171C40}.Debug|Any CPU.ActiveCfg = Debug|Any CPU
		{623B723D-4D65-4BF8-B048-40742B171C40}.Debug|Any CPU.Build.0 = Debug|Any CPU
		{623B723D-4D65-4BF8-B048-40742B171C40}.Release|Any CPU.ActiveCfg = Release|Any CPU
		{623B723D-4D65-4BF8-B048-40742B171C40}.Release|Any CPU.Build.0 = Release|Any CPU
		{6C46D6F6-8FB5-456C-854D-ABD898E8773E}.Debug|Any CPU.ActiveCfg = Debug|Any CPU
		{6C46D6F6-8FB5-456C-854D-ABD898E8773E}.Debug|Any CPU.Build.0 = Debug|Any CPU
		{6C46D6F6-8FB5-456C-854D-ABD898E8773E}.Release|Any CPU.ActiveCfg = Release|Any CPU
		{6C46D6F6-8FB5-456C-854D-ABD898E8773E}.Release|Any CPU.Build.0 = Release|Any CPU
	EndGlobalSection
	GlobalSection(SolutionProperties) = preSolution
		HideSolutionNode = FALSE
	EndGlobalSection
	GlobalSection(ExtensibilityGlobals) = postSolution
		SolutionGuid = {45BF2792-7085-4A3D-8A03-24171BCF6A10}
	EndGlobalSection
EndGlobal
