
Microsoft Visual Studio Solution File, Format Version 12.00
# Visual Studio Version 16
VisualStudioVersion = 16.0.29020.237
MinimumVisualStudioVersion = 10.0.40219.1
Project("{FAE04EC0-301F-11D3-BF4B-00C04F79EFBC}") = "CH01_HW01", "CH01_HW01\CH01_HW01.csproj", "{8AFDE239-3539-48B6-A6D5-4366C8B13533}"
EndProject
Project("{FAE04EC0-301F-11D3-BF4B-00C04F79EFBC}") = "CH01_HW02", "CH01_HW02\CH01_HW02.csproj", "{1DCB2468-517D-4302-B586-29F14D1A8278}"
EndProject
Project("{FAE04EC0-301F-11D3-BF4B-00C04F79EFBC}") = "CH01_HW03", "CH01_HW03\CH01_HW03.csproj", "{EC08C589-5703-4D91-BD69-1C99133CD673}"
EndProject
Project("{FAE04EC0-301F-11D3-BF4B-00C04F79EFBC}") = "CH01_HW04", "CH01_HW04\CH01_HW04.csproj", "{500A2856-65D0-431A-9D95-F480408CF9B6}"
EndProject
Project("{FAE04EC0-301F-11D3-BF4B-00C04F79EFBC}") = "CH01_HW05", "CH01_HW05\CH01_HW05.csproj", "{F37C2E3E-85C3-430D-AF8A-67E8BC8675C3}"
EndProject
Project("{FAE04EC0-301F-11D3-BF4B-00C04F79EFBC}") = "CH01_HW06", "CH01_HW06\CH01_HW06.csproj", "{4FB83C5C-96EA-4A77-9CCB-A9F6F334C661}"
EndProject
Project("{FAE04EC0-301F-11D3-BF4B-00C04F79EFBC}") = "CH01_HW07", "CH01_HW07\CH01_HW07.csproj", "{97DB3FCF-35DA-4952-8C3F-4384EC848168}"
EndProject
Project("{FAE04EC0-301F-11D3-BF4B-00C04F79EFBC}") = "CH01_HW08", "CH01_HW08\CH01_HW08.csproj", "{14E7BBA0-6935-4A13-A95E-41DEFFDC6652}"
EndProject
Project("{FAE04EC0-301F-11D3-BF4B-00C04F79EFBC}") = "CH01_HW09", "CH01_HW09\CH01_HW09.csproj", "{05A77D4B-1903-4465-9550-36D7A430C6B5}"
EndProject
Project("{FAE04EC0-301F-11D3-BF4B-00C04F79EFBC}") = "CH01_HW10", "CH01_HW10\CH01_HW10.csproj", "{BF72F380-1924-4AEC-800F-48E23A89A2FC}"
EndProject
Project("{FAE04EC0-301F-11D3-BF4B-00C04F79EFBC}") = "CH02_HW01", "CH02_HW01\CH02_HW01.csproj", "{990FA096-705B-4A71-8DFA-CBDF4E610AC1}"
EndProject
Project("{FAE04EC0-301F-11D3-BF4B-00C04F79EFBC}") = "CH02_HW02", "CH02_HW02\CH02_HW02.csproj", "{C496D17F-821C-4202-ABA3-9C7CD546011D}"
EndProject
Project("{FAE04EC0-301F-11D3-BF4B-00C04F79EFBC}") = "CH02_HW03", "CH02_HW03\CH02_HW03.csproj", "{766DAE11-8433-47CD-91EB-404700047D57}"
EndProject
Project("{FAE04EC0-301F-11D3-BF4B-00C04F79EFBC}") = "CH02_HW04", "CH02_HW04\CH02_HW04.csproj", "{8A9C8F4C-1C0E-429B-B5AA-49696FF5203F}"
EndProject
Project("{FAE04EC0-301F-11D3-BF4B-00C04F79EFBC}") = "CH02_HW05", "CH02_HW05\CH02_HW05.csproj", "{D22A4A09-29FF-419F-92EE-93C73A0D2A44}"
EndProject
Project("{FAE04EC0-301F-11D3-BF4B-00C04F79EFBC}") = "CH02_HW06", "CH02_HW06\CH02_HW06.csproj", "{0C023C5A-107E-422C-9968-19DD5AE6002F}"
EndProject
Project("{FAE04EC0-301F-11D3-BF4B-00C04F79EFBC}") = "CH02_HW07", "CH02_HW07\CH02_HW07.csproj", "{97AA4280-82BF-4430-8B1E-F4947D8E496E}"
EndProject
Project("{FAE04EC0-301F-11D3-BF4B-00C04F79EFBC}") = "CH02_HW08", "CH02_HW08\CH02_HW08.csproj", "{499B3335-E4B2-477F-9295-6765A6CA0950}"
EndProject
Project("{FAE04EC0-301F-11D3-BF4B-00C04F79EFBC}") = "CH02_HW09", "CH02_HW09\CH02_HW09.csproj", "{623B723D-4D65-4BF8-B048-40742B171C40}"
EndProject
Project("{FAE04EC0-301F-11D3-BF4B-00C04F79EFBC}") = "CH02_HW10", "CH02_HW10\CH02_HW10.csproj", "{6C46D6F6-8FB5-456C-854D-ABD898E8773E}"
EndProject
Project("{FAE04EC0-301F-11D3-BF4B-00C04F79EFBC}") = "CH03_HW01", "CH03_HW01\CH03_HW01.csproj", "{5BB61365-0B0C-440F-8796-4DE4656BAA8C}"
EndProject
Project("{FAE04EC0-301F-11D3-BF4B-00C04F79EFBC}") = "CH03_HW02", "CH03_HW02\CH03_HW02.csproj", "{E9DECB66-7329-4076-80FA-ED1B87C6276B}"
EndProject
Project("{FAE04EC0-301F-11D3-BF4B-00C04F79EFBC}") = "CH03_HW03", "CH03_HW03\CH03_HW03.csproj", "{45573237-7797-483D-92D0-D5CB4C189570}"
EndProject
Project("{FAE04EC0-301F-11D3-BF4B-00C04F79EFBC}") = "CH03_HW04", "CH03_HW04\CH03_HW04.csproj", "{360BF324-DF3A-4BED-8DB0-4036C3350EF5}"
EndProject
Project("{FAE04EC0-301F-11D3-BF4B-00C04F79EFBC}") = "CH03_HW05", "CH03_HW05\CH03_HW05.csproj", "{86F6FFB5-9DEE-466D-B5D1-90ECB3E5558F}"
EndProject
Project("{FAE04EC0-301F-11D3-BF4B-00C04F79EFBC}") = "CH03_HW06", "CH03_HW06\CH03_HW06.csproj", "{1743CFD8-5B70-493B-93B5-959BAA749B4F}"
EndProject
Project("{FAE04EC0-301F-11D3-BF4B-00C04F79EFBC}") = "CH03_HW07", "CH03_HW07\CH03_HW07.csproj", "{F7C6816F-C812-4BD1-B876-4C024D972F83}"
EndProject
Project("{FAE04EC0-301F-11D3-BF4B-00C04F79EFBC}") = "CH03_HW08", "CH03_HW08\CH03_HW08.csproj", "{60D0AB61-C581-4B58-AD7C-A74EB46077A6}"
EndProject
Project("{FAE04EC0-301F-11D3-BF4B-00C04F79EFBC}") = "CH03_HW09", "CH03_HW09\CH03_HW09.csproj", "{84E1C57C-8D54-4DF5-BF1D-25CD4222279A}"
EndProject
Project("{FAE04EC0-301F-11D3-BF4B-00C04F79EFBC}") = "CH03_HW10", "CH03_HW10\CH03_HW10.csproj", "{E7B9777D-B3FF-43E7-B29C-4E31FFC25A62}"
EndProject
Project("{FAE04EC0-301F-11D3-BF4B-00C04F79EFBC}") = "CH04_HW01", "CH04_HW01\CH04_HW01.csproj", "{1DDA474E-6792-4D19-B927-BF6EBF2F0470}"
EndProject
Project("{FAE04EC0-301F-11D3-BF4B-00C04F79EFBC}") = "CH04_HW02", "CH04_HW02\CH04_HW02.csproj", "{EF8F7FC1-5146-4E00-A176-A60FC8D30DC0}"
EndProject
Project("{FAE04EC0-301F-11D3-BF4B-00C04F79EFBC}") = "CH04_HW03", "CH04_HW03\CH04_HW03.csproj", "{3B4EEEA5-07FB-4FBA-8E79-4CED5ABC6E21}"
EndProject
Project("{FAE04EC0-301F-11D3-BF4B-00C04F79EFBC}") = "CH04_HW04", "CH04_HW04\CH04_HW04.csproj", "{E5070328-57ED-4EE2-989B-181B35299A73}"
EndProject
Project("{FAE04EC0-301F-11D3-BF4B-00C04F79EFBC}") = "CH04_HW05", "CH04_HW05\CH04_HW05.csproj", "{C344F9E9-FD65-4E8E-9989-A728F51B749D}"
EndProject
Project("{FAE04EC0-301F-11D3-BF4B-00C04F79EFBC}") = "CH04_HW06", "CH04_HW06\CH04_HW06.csproj", "{71B04EB6-E217-4AE7-B5C9-C91C466094CF}"
EndProject
Project("{FAE04EC0-301F-11D3-BF4B-00C04F79EFBC}") = "CH04_HW07", "CH04_HW07\CH04_HW07.csproj", "{58DCAC87-5B40-46C4-92FA-5CA094E7C8C7}"
EndProject
Project("{FAE04EC0-301F-11D3-BF4B-00C04F79EFBC}") = "CH04_HW08", "CH04_HW08\CH04_HW08.csproj", "{F61061EA-F87E-4AC6-86A2-B1E05780BD81}"
EndProject
Project("{FAE04EC0-301F-11D3-BF4B-00C04F79EFBC}") = "CH04_HW09", "CH04_HW09\CH04_HW09.csproj", "{DB69DD67-21AF-4C35-9757-0A82D2A91D21}"
EndProject
Project("{FAE04EC0-301F-11D3-BF4B-00C04F79EFBC}") = "CH04_HW10", "CH04_HW10\CH04_HW10.csproj", "{79E3BDA4-7431-4D59-A5EA-8679E672E318}"
EndProject
Project("{FAE04EC0-301F-11D3-BF4B-00C04F79EFBC}") = "CH05_HW01", "CH05_HW01\CH05_HW01.csproj", "{98354CA8-23BC-4C53-9F78-BF6AFD5A2A84}"
EndProject
Project("{FAE04EC0-301F-11D3-BF4B-00C04F79EFBC}") = "CH05_HW02", "CH05_HW02\CH05_HW02.csproj", "{D1818881-CCFB-45FC-9E45-01CBB9DF949F}"
EndProject
Project("{FAE04EC0-301F-11D3-BF4B-00C04F79EFBC}") = "CH05_HW03", "CH05_HW03\CH05_HW03.csproj", "{4B36C1CE-4213-462B-8F88-68A4BD3BDA50}"
EndProject
Project("{FAE04EC0-301F-11D3-BF4B-00C04F79EFBC}") = "CH05_HW04", "CH05_HW04\CH05_HW04.csproj", "{AECA8181-B7AA-43F9-A6AB-5BCBD301C881}"
EndProject
Project("{FAE04EC0-301F-11D3-BF4B-00C04F79EFBC}") = "CH05_HW05", "CH05_HW05\CH05_HW05.csproj", "{169BA613-ED5E-45DD-9176-0283C3DD4F87}"
EndProject
Project("{FAE04EC0-301F-11D3-BF4B-00C04F79EFBC}") = "CH05_HW06", "CH05_HW06\CH05_HW06.csproj", "{36CED6BB-CC4C-417E-AFEC-43CBC81486A9}"
EndProject
Project("{FAE04EC0-301F-11D3-BF4B-00C04F79EFBC}") = "CH05_HW07", "CH05_HW07\CH05_HW07.csproj", "{7992C04E-5EF7-484E-8FD9-F704A6F2F794}"
EndProject
Project("{FAE04EC0-301F-11D3-BF4B-00C04F79EFBC}") = "CH05_HW08", "CH05_HW08\CH05_HW08.csproj", "{D046D37C-6EEC-402F-919C-A1C6DFB3FC75}"
EndProject
Project("{FAE04EC0-301F-11D3-BF4B-00C04F79EFBC}") = "CH05_HW09", "CH05_HW09\CH05_HW09.csproj", "{E2AB9ABF-820C-4C7C-AA8E-86ADA0D40045}"
EndProject
Project("{FAE04EC0-301F-11D3-BF4B-00C04F79EFBC}") = "CH05_HW10", "CH05_HW10\CH05_HW10.csproj", "{7363B43F-B6FC-43A6-AB1E-1E859D6105EE}"
EndProject
Project("{FAE04EC0-301F-11D3-BF4B-00C04F79EFBC}") = "CH06_HW01", "CH06_HW01\CH06_HW01.csproj", "{D6D63C8D-3E11-4E9E-BC2C-1DE83996FB2F}"
EndProject
Project("{FAE04EC0-301F-11D3-BF4B-00C04F79EFBC}") = "CH06_HW02", "CH06_HW02\CH06_HW02.csproj", "{F2E9BA20-B9B6-4932-B217-6036FF72EC74}"
EndProject
Project("{FAE04EC0-301F-11D3-BF4B-00C04F79EFBC}") = "CH06_HW03", "CH06_HW03\CH06_HW03.csproj", "{9A717E86-34AC-4A5B-980B-218E288F5E7C}"
EndProject
Project("{FAE04EC0-301F-11D3-BF4B-00C04F79EFBC}") = "CH06_HW04", "CH06_HW04\CH06_HW04.csproj", "{7D110634-EED2-4A6E-B38A-96A06D84BF11}"
EndProject
Project("{FAE04EC0-301F-11D3-BF4B-00C04F79EFBC}") = "CH06_HW05", "CH06_HW05\CH06_HW05.csproj", "{56461E35-2E05-4159-9988-32000FDD938D}"
EndProject
Project("{FAE04EC0-301F-11D3-BF4B-00C04F79EFBC}") = "CH06_HW06", "CH06_HW06\CH06_HW06.csproj", "{074D8DBE-C198-486F-936B-58E108CA68E5}"
EndProject
Project("{FAE04EC0-301F-11D3-BF4B-00C04F79EFBC}") = "CH06_HW07", "CH06_HW07\CH06_HW07.csproj", "{0685285B-5B93-4103-8DAF-7537665100AE}"
EndProject
Project("{FAE04EC0-301F-11D3-BF4B-00C04F79EFBC}") = "CH06_HW08", "CH06_HW08\CH06_HW08.csproj", "{0D41B4ED-2C05-417D-920E-F38C008F62FF}"
EndProject
Project("{FAE04EC0-301F-11D3-BF4B-00C04F79EFBC}") = "CH06_HW09", "CH06_HW09\CH06_HW09.csproj", "{CB5951DF-2E44-4AFB-B7D6-7FBFA43DC822}"
EndProject
Project("{FAE04EC0-301F-11D3-BF4B-00C04F79EFBC}") = "CH06_HW10", "CH06_HW10\CH06_HW10.csproj", "{202BFEA9-A748-4C40-8A14-3A5FC4E91858}"
EndProject
Project("{FAE04EC0-301F-11D3-BF4B-00C04F79EFBC}") = "CH07_HW01", "CH07_HW01\CH07_HW01.csproj", "{3919AC1A-D5EF-4167-BABE-320345401133}"
EndProject
Project("{FAE04EC0-301F-11D3-BF4B-00C04F79EFBC}") = "CH07_HW02", "CH07_HW02\CH07_HW02.csproj", "{336411A2-036C-4033-B395-B688C01C838E}"
EndProject
Project("{FAE04EC0-301F-11D3-BF4B-00C04F79EFBC}") = "CH07_HW03", "CH07_HW03\CH07_HW03.csproj", "{495E0A9F-646F-495C-AACA-59EAB08CAC45}"
EndProject
Project("{FAE04EC0-301F-11D3-BF4B-00C04F79EFBC}") = "CH07_HW04", "CH07_HW04\CH07_HW04.csproj", "{14C85AF3-CD70-4045-A869-C6108E2A7F10}"
EndProject
Project("{FAE04EC0-301F-11D3-BF4B-00C04F79EFBC}") = "CH07_HW05", "CH07_HW05\CH07_HW05.csproj", "{B1F4E31C-DB06-40FE-9A8C-A6F8435A2024}"
EndProject
Project("{FAE04EC0-301F-11D3-BF4B-00C04F79EFBC}") = "CH07_HW06", "CH07_HW06\CH07_HW06.csproj", "{0DBEC7E4-D3FD-4C7D-9D64-550100BC7ABD}"
EndProject
Project("{FAE04EC0-301F-11D3-BF4B-00C04F79EFBC}") = "CH07_HW07", "CH07_HW07\CH07_HW07.csproj", "{DE1D9E0C-6E8E-4648-B0E2-E2147C75D88B}"
EndProject
Project("{FAE04EC0-301F-11D3-BF4B-00C04F79EFBC}") = "CH07_HW08", "CH07_HW08\CH07_HW08.csproj", "{62E9B03A-6069-4C70-8D92-041E6133E7CA}"
EndProject
Project("{FAE04EC0-301F-11D3-BF4B-00C04F79EFBC}") = "CH07_HW09", "CH07_HW09\CH07_HW09.csproj", "{9FFD024D-5D83-4F25-951B-2DF086B3FAA6}"
EndProject
Project("{FAE04EC0-301F-11D3-BF4B-00C04F79EFBC}") = "CH07_HW10", "CH07_HW10\CH07_HW10.csproj", "{36478159-D4ED-4682-A42C-CE3B59B7D862}"
EndProject
Global
	GlobalSection(SolutionConfigurationPlatforms) = preSolution
		Debug|Any CPU = Debug|Any CPU
		Release|Any CPU = Release|Any CPU
	EndGlobalSection
	GlobalSection(ProjectConfigurationPlatforms) = postSolution
		{8AFDE239-3539-48B6-A6D5-4366C8B13533}.Debug|Any CPU.ActiveCfg = Debug|Any CPU
		{8AFDE239-3539-48B6-A6D5-4366C8B13533}.Debug|Any CPU.Build.0 = Debug|Any CPU
		{8AFDE239-3539-48B6-A6D5-4366C8B13533}.Release|Any CPU.ActiveCfg = Release|Any CPU
		{8AFDE239-3539-48B6-A6D5-4366C8B13533}.Release|Any CPU.Build.0 = Release|Any CPU
		{1DCB2468-517D-4302-B586-29F14D1A8278}.Debug|Any CPU.ActiveCfg = Debug|Any CPU
		{1DCB2468-517D-4302-B586-29F14D1A8278}.Debug|Any CPU.Build.0 = Debug|Any CPU
		{1DCB2468-517D-4302-B586-29F14D1A8278}.Release|Any CPU.ActiveCfg = Release|Any CPU
		{1DCB2468-517D-4302-B586-29F14D1A8278}.Release|Any CPU.Build.0 = Release|Any CPU
		{EC08C589-5703-4D91-BD69-1C99133CD673}.Debug|Any CPU.ActiveCfg = Debug|Any CPU
		{EC08C589-5703-4D91-BD69-1C99133CD673}.Debug|Any CPU.Build.0 = Debug|Any CPU
		{EC08C589-5703-4D91-BD69-1C99133CD673}.Release|Any CPU.ActiveCfg = Release|Any CPU
		{EC08C589-5703-4D91-BD69-1C99133CD673}.Release|Any CPU.Build.0 = Release|Any CPU
		{500A2856-65D0-431A-9D95-F480408CF9B6}.Debug|Any CPU.ActiveCfg = Debug|Any CPU
		{500A2856-65D0-431A-9D95-F480408CF9B6}.Debug|Any CPU.Build.0 = Debug|Any CPU
		{500A2856-65D0-431A-9D95-F480408CF9B6}.Release|Any CPU.ActiveCfg = Release|Any CPU
		{500A2856-65D0-431A-9D95-F480408CF9B6}.Release|Any CPU.Build.0 = Release|Any CPU
		{F37C2E3E-85C3-430D-AF8A-67E8BC8675C3}.Debug|Any CPU.ActiveCfg = Debug|Any CPU
		{F37C2E3E-85C3-430D-AF8A-67E8BC8675C3}.Debug|Any CPU.Build.0 = Debug|Any CPU
		{F37C2E3E-85C3-430D-AF8A-67E8BC8675C3}.Release|Any CPU.ActiveCfg = Release|Any CPU
		{F37C2E3E-85C3-430D-AF8A-67E8BC8675C3}.Release|Any CPU.Build.0 = Release|Any CPU
		{4FB83C5C-96EA-4A77-9CCB-A9F6F334C661}.Debug|Any CPU.ActiveCfg = Debug|Any CPU
		{4FB83C5C-96EA-4A77-9CCB-A9F6F334C661}.Debug|Any CPU.Build.0 = Debug|Any CPU
		{4FB83C5C-96EA-4A77-9CCB-A9F6F334C661}.Release|Any CPU.ActiveCfg = Release|Any CPU
		{4FB83C5C-96EA-4A77-9CCB-A9F6F334C661}.Release|Any CPU.Build.0 = Release|Any CPU
		{97DB3FCF-35DA-4952-8C3F-4384EC848168}.Debug|Any CPU.ActiveCfg = Debug|Any CPU
		{97DB3FCF-35DA-4952-8C3F-4384EC848168}.Debug|Any CPU.Build.0 = Debug|Any CPU
		{97DB3FCF-35DA-4952-8C3F-4384EC848168}.Release|Any CPU.ActiveCfg = Release|Any CPU
		{97DB3FCF-35DA-4952-8C3F-4384EC848168}.Release|Any CPU.Build.0 = Release|Any CPU
		{14E7BBA0-6935-4A13-A95E-41DEFFDC6652}.Debug|Any CPU.ActiveCfg = Debug|Any CPU
		{14E7BBA0-6935-4A13-A95E-41DEFFDC6652}.Debug|Any CPU.Build.0 = Debug|Any CPU
		{14E7BBA0-6935-4A13-A95E-41DEFFDC6652}.Release|Any CPU.ActiveCfg = Release|Any CPU
		{14E7BBA0-6935-4A13-A95E-41DEFFDC6652}.Release|Any CPU.Build.0 = Release|Any CPU
		{05A77D4B-1903-4465-9550-36D7A430C6B5}.Debug|Any CPU.ActiveCfg = Debug|Any CPU
		{05A77D4B-1903-4465-9550-36D7A430C6B5}.Debug|Any CPU.Build.0 = Debug|Any CPU
		{05A77D4B-1903-4465-9550-36D7A430C6B5}.Release|Any CPU.ActiveCfg = Release|Any CPU
		{05A77D4B-1903-4465-9550-36D7A430C6B5}.Release|Any CPU.Build.0 = Release|Any CPU
		{BF72F380-1924-4AEC-800F-48E23A89A2FC}.Debug|Any CPU.ActiveCfg = Debug|Any CPU
		{BF72F380-1924-4AEC-800F-48E23A89A2FC}.Debug|Any CPU.Build.0 = Debug|Any CPU
		{BF72F380-1924-4AEC-800F-48E23A89A2FC}.Release|Any CPU.ActiveCfg = Release|Any CPU
		{BF72F380-1924-4AEC-800F-48E23A89A2FC}.Release|Any CPU.Build.0 = Release|Any CPU
		{990FA096-705B-4A71-8DFA-CBDF4E610AC1}.Debug|Any CPU.ActiveCfg = Debug|Any CPU
		{990FA096-705B-4A71-8DFA-CBDF4E610AC1}.Debug|Any CPU.Build.0 = Debug|Any CPU
		{990FA096-705B-4A71-8DFA-CBDF4E610AC1}.Release|Any CPU.ActiveCfg = Release|Any CPU
		{990FA096-705B-4A71-8DFA-CBDF4E610AC1}.Release|Any CPU.Build.0 = Release|Any CPU
		{C496D17F-821C-4202-ABA3-9C7CD546011D}.Debug|Any CPU.ActiveCfg = Debug|Any CPU
		{C496D17F-821C-4202-ABA3-9C7CD546011D}.Debug|Any CPU.Build.0 = Debug|Any CPU
		{C496D17F-821C-4202-ABA3-9C7CD546011D}.Release|Any CPU.ActiveCfg = Release|Any CPU
		{C496D17F-821C-4202-ABA3-9C7CD546011D}.Release|Any CPU.Build.0 = Release|Any CPU
		{766DAE11-8433-47CD-91EB-404700047D57}.Debug|Any CPU.ActiveCfg = Debug|Any CPU
		{766DAE11-8433-47CD-91EB-404700047D57}.Debug|Any CPU.Build.0 = Debug|Any CPU
		{766DAE11-8433-47CD-91EB-404700047D57}.Release|Any CPU.ActiveCfg = Release|Any CPU
		{766DAE11-8433-47CD-91EB-404700047D57}.Release|Any CPU.Build.0 = Release|Any CPU
		{8A9C8F4C-1C0E-429B-B5AA-49696FF5203F}.Debug|Any CPU.ActiveCfg = Debug|Any CPU
		{8A9C8F4C-1C0E-429B-B5AA-49696FF5203F}.Debug|Any CPU.Build.0 = Debug|Any CPU
		{8A9C8F4C-1C0E-429B-B5AA-49696FF5203F}.Release|Any CPU.ActiveCfg = Release|Any CPU
		{8A9C8F4C-1C0E-429B-B5AA-49696FF5203F}.Release|Any CPU.Build.0 = Release|Any CPU
		{D22A4A09-29FF-419F-92EE-93C73A0D2A44}.Debug|Any CPU.ActiveCfg = Debug|Any CPU
		{D22A4A09-29FF-419F-92EE-93C73A0D2A44}.Debug|Any CPU.Build.0 = Debug|Any CPU
		{D22A4A09-29FF-419F-92EE-93C73A0D2A44}.Release|Any CPU.ActiveCfg = Release|Any CPU
		{D22A4A09-29FF-419F-92EE-93C73A0D2A44}.Release|Any CPU.Build.0 = Release|Any CPU
		{0C023C5A-107E-422C-9968-19DD5AE6002F}.Debug|Any CPU.ActiveCfg = Debug|Any CPU
		{0C023C5A-107E-422C-9968-19DD5AE6002F}.Debug|Any CPU.Build.0 = Debug|Any CPU
		{0C023C5A-107E-422C-9968-19DD5AE6002F}.Release|Any CPU.ActiveCfg = Release|Any CPU
		{0C023C5A-107E-422C-9968-19DD5AE6002F}.Release|Any CPU.Build.0 = Release|Any CPU
		{97AA4280-82BF-4430-8B1E-F4947D8E496E}.Debug|Any CPU.ActiveCfg = Debug|Any CPU
		{97AA4280-82BF-4430-8B1E-F4947D8E496E}.Debug|Any CPU.Build.0 = Debug|Any CPU
		{97AA4280-82BF-4430-8B1E-F4947D8E496E}.Release|Any CPU.ActiveCfg = Release|Any CPU
		{97AA4280-82BF-4430-8B1E-F4947D8E496E}.Release|Any CPU.Build.0 = Release|Any CPU
		{499B3335-E4B2-477F-9295-6765A6CA0950}.Debug|Any CPU.ActiveCfg = Debug|Any CPU
		{499B3335-E4B2-477F-9295-6765A6CA0950}.Debug|Any CPU.Build.0 = Debug|Any CPU
		{499B3335-E4B2-477F-9295-6765A6CA0950}.Release|Any CPU.ActiveCfg = Release|Any CPU
		{499B3335-E4B2-477F-9295-6765A6CA0950}.Release|Any CPU.Build.0 = Release|Any CPU
		{623B723D-4D65-4BF8-B048-40742B171C40}.Debug|Any CPU.ActiveCfg = Debug|Any CPU
		{623B723D-4D65-4BF8-B048-40742B171C40}.Debug|Any CPU.Build.0 = Debug|Any CPU
		{623B723D-4D65-4BF8-B048-40742B171C40}.Release|Any CPU.ActiveCfg = Release|Any CPU
		{623B723D-4D65-4BF8-B048-40742B171C40}.Release|Any CPU.Build.0 = Release|Any CPU
		{6C46D6F6-8FB5-456C-854D-ABD898E8773E}.Debug|Any CPU.ActiveCfg = Debug|Any CPU
		{6C46D6F6-8FB5-456C-854D-ABD898E8773E}.Debug|Any CPU.Build.0 = Debug|Any CPU
		{6C46D6F6-8FB5-456C-854D-ABD898E8773E}.Release|Any CPU.ActiveCfg = Release|Any CPU
		{6C46D6F6-8FB5-456C-854D-ABD898E8773E}.Release|Any CPU.Build.0 = Release|Any CPU
		{5BB61365-0B0C-440F-8796-4DE4656BAA8C}.Debug|Any CPU.ActiveCfg = Debug|Any CPU
		{5BB61365-0B0C-440F-8796-4DE4656BAA8C}.Debug|Any CPU.Build.0 = Debug|Any CPU
		{5BB61365-0B0C-440F-8796-4DE4656BAA8C}.Release|Any CPU.ActiveCfg = Release|Any CPU
		{5BB61365-0B0C-440F-8796-4DE4656BAA8C}.Release|Any CPU.Build.0 = Release|Any CPU
		{E9DECB66-7329-4076-80FA-ED1B87C6276B}.Debug|Any CPU.ActiveCfg = Debug|Any CPU
		{E9DECB66-7329-4076-80FA-ED1B87C6276B}.Debug|Any CPU.Build.0 = Debug|Any CPU
		{E9DECB66-7329-4076-80FA-ED1B87C6276B}.Release|Any CPU.ActiveCfg = Release|Any CPU
		{E9DECB66-7329-4076-80FA-ED1B87C6276B}.Release|Any CPU.Build.0 = Release|Any CPU
		{45573237-7797-483D-92D0-D5CB4C189570}.Debug|Any CPU.ActiveCfg = Debug|Any CPU
		{45573237-7797-483D-92D0-D5CB4C189570}.Debug|Any CPU.Build.0 = Debug|Any CPU
		{45573237-7797-483D-92D0-D5CB4C189570}.Release|Any CPU.ActiveCfg = Release|Any CPU
		{45573237-7797-483D-92D0-D5CB4C189570}.Release|Any CPU.Build.0 = Release|Any CPU
		{360BF324-DF3A-4BED-8DB0-4036C3350EF5}.Debug|Any CPU.ActiveCfg = Debug|Any CPU
		{360BF324-DF3A-4BED-8DB0-4036C3350EF5}.Debug|Any CPU.Build.0 = Debug|Any CPU
		{360BF324-DF3A-4BED-8DB0-4036C3350EF5}.Release|Any CPU.ActiveCfg = Release|Any CPU
		{360BF324-DF3A-4BED-8DB0-4036C3350EF5}.Release|Any CPU.Build.0 = Release|Any CPU
		{86F6FFB5-9DEE-466D-B5D1-90ECB3E5558F}.Debug|Any CPU.ActiveCfg = Debug|Any CPU
		{86F6FFB5-9DEE-466D-B5D1-90ECB3E5558F}.Debug|Any CPU.Build.0 = Debug|Any CPU
		{86F6FFB5-9DEE-466D-B5D1-90ECB3E5558F}.Release|Any CPU.ActiveCfg = Release|Any CPU
		{86F6FFB5-9DEE-466D-B5D1-90ECB3E5558F}.Release|Any CPU.Build.0 = Release|Any CPU
		{1743CFD8-5B70-493B-93B5-959BAA749B4F}.Debug|Any CPU.ActiveCfg = Debug|Any CPU
		{1743CFD8-5B70-493B-93B5-959BAA749B4F}.Debug|Any CPU.Build.0 = Debug|Any CPU
		{1743CFD8-5B70-493B-93B5-959BAA749B4F}.Release|Any CPU.ActiveCfg = Release|Any CPU
		{1743CFD8-5B70-493B-93B5-959BAA749B4F}.Release|Any CPU.Build.0 = Release|Any CPU
		{F7C6816F-C812-4BD1-B876-4C024D972F83}.Debug|Any CPU.ActiveCfg = Debug|Any CPU
		{F7C6816F-C812-4BD1-B876-4C024D972F83}.Debug|Any CPU.Build.0 = Debug|Any CPU
		{F7C6816F-C812-4BD1-B876-4C024D972F83}.Release|Any CPU.ActiveCfg = Release|Any CPU
		{F7C6816F-C812-4BD1-B876-4C024D972F83}.Release|Any CPU.Build.0 = Release|Any CPU
		{60D0AB61-C581-4B58-AD7C-A74EB46077A6}.Debug|Any CPU.ActiveCfg = Debug|Any CPU
		{60D0AB61-C581-4B58-AD7C-A74EB46077A6}.Debug|Any CPU.Build.0 = Debug|Any CPU
		{60D0AB61-C581-4B58-AD7C-A74EB46077A6}.Release|Any CPU.ActiveCfg = Release|Any CPU
		{60D0AB61-C581-4B58-AD7C-A74EB46077A6}.Release|Any CPU.Build.0 = Release|Any CPU
		{84E1C57C-8D54-4DF5-BF1D-25CD4222279A}.Debug|Any CPU.ActiveCfg = Debug|Any CPU
		{84E1C57C-8D54-4DF5-BF1D-25CD4222279A}.Debug|Any CPU.Build.0 = Debug|Any CPU
		{84E1C57C-8D54-4DF5-BF1D-25CD4222279A}.Release|Any CPU.ActiveCfg = Release|Any CPU
		{84E1C57C-8D54-4DF5-BF1D-25CD4222279A}.Release|Any CPU.Build.0 = Release|Any CPU
		{E7B9777D-B3FF-43E7-B29C-4E31FFC25A62}.Debug|Any CPU.ActiveCfg = Debug|Any CPU
		{E7B9777D-B3FF-43E7-B29C-4E31FFC25A62}.Debug|Any CPU.Build.0 = Debug|Any CPU
		{E7B9777D-B3FF-43E7-B29C-4E31FFC25A62}.Release|Any CPU.ActiveCfg = Release|Any CPU
		{E7B9777D-B3FF-43E7-B29C-4E31FFC25A62}.Release|Any CPU.Build.0 = Release|Any CPU
		{1DDA474E-6792-4D19-B927-BF6EBF2F0470}.Debug|Any CPU.ActiveCfg = Debug|Any CPU
		{1DDA474E-6792-4D19-B927-BF6EBF2F0470}.Debug|Any CPU.Build.0 = Debug|Any CPU
		{1DDA474E-6792-4D19-B927-BF6EBF2F0470}.Release|Any CPU.ActiveCfg = Release|Any CPU
		{1DDA474E-6792-4D19-B927-BF6EBF2F0470}.Release|Any CPU.Build.0 = Release|Any CPU
		{EF8F7FC1-5146-4E00-A176-A60FC8D30DC0}.Debug|Any CPU.ActiveCfg = Debug|Any CPU
		{EF8F7FC1-5146-4E00-A176-A60FC8D30DC0}.Debug|Any CPU.Build.0 = Debug|Any CPU
		{EF8F7FC1-5146-4E00-A176-A60FC8D30DC0}.Release|Any CPU.ActiveCfg = Release|Any CPU
		{EF8F7FC1-5146-4E00-A176-A60FC8D30DC0}.Release|Any CPU.Build.0 = Release|Any CPU
		{3B4EEEA5-07FB-4FBA-8E79-4CED5ABC6E21}.Debug|Any CPU.ActiveCfg = Debug|Any CPU
		{3B4EEEA5-07FB-4FBA-8E79-4CED5ABC6E21}.Debug|Any CPU.Build.0 = Debug|Any CPU
		{3B4EEEA5-07FB-4FBA-8E79-4CED5ABC6E21}.Release|Any CPU.ActiveCfg = Release|Any CPU
		{3B4EEEA5-07FB-4FBA-8E79-4CED5ABC6E21}.Release|Any CPU.Build.0 = Release|Any CPU
		{E5070328-57ED-4EE2-989B-181B35299A73}.Debug|Any CPU.ActiveCfg = Debug|Any CPU
		{E5070328-57ED-4EE2-989B-181B35299A73}.Debug|Any CPU.Build.0 = Debug|Any CPU
		{E5070328-57ED-4EE2-989B-181B35299A73}.Release|Any CPU.ActiveCfg = Release|Any CPU
		{E5070328-57ED-4EE2-989B-181B35299A73}.Release|Any CPU.Build.0 = Release|Any CPU
		{C344F9E9-FD65-4E8E-9989-A728F51B749D}.Debug|Any CPU.ActiveCfg = Debug|Any CPU
		{C344F9E9-FD65-4E8E-9989-A728F51B749D}.Debug|Any CPU.Build.0 = Debug|Any CPU
		{C344F9E9-FD65-4E8E-9989-A728F51B749D}.Release|Any CPU.ActiveCfg = Release|Any CPU
		{C344F9E9-FD65-4E8E-9989-A728F51B749D}.Release|Any CPU.Build.0 = Release|Any CPU
		{71B04EB6-E217-4AE7-B5C9-C91C466094CF}.Debug|Any CPU.ActiveCfg = Debug|Any CPU
		{71B04EB6-E217-4AE7-B5C9-C91C466094CF}.Debug|Any CPU.Build.0 = Debug|Any CPU
		{71B04EB6-E217-4AE7-B5C9-C91C466094CF}.Release|Any CPU.ActiveCfg = Release|Any CPU
		{71B04EB6-E217-4AE7-B5C9-C91C466094CF}.Release|Any CPU.Build.0 = Release|Any CPU
		{58DCAC87-5B40-46C4-92FA-5CA094E7C8C7}.Debug|Any CPU.ActiveCfg = Debug|Any CPU
		{58DCAC87-5B40-46C4-92FA-5CA094E7C8C7}.Debug|Any CPU.Build.0 = Debug|Any CPU
		{58DCAC87-5B40-46C4-92FA-5CA094E7C8C7}.Release|Any CPU.ActiveCfg = Release|Any CPU
		{58DCAC87-5B40-46C4-92FA-5CA094E7C8C7}.Release|Any CPU.Build.0 = Release|Any CPU
		{F61061EA-F87E-4AC6-86A2-B1E05780BD81}.Debug|Any CPU.ActiveCfg = Debug|Any CPU
		{F61061EA-F87E-4AC6-86A2-B1E05780BD81}.Debug|Any CPU.Build.0 = Debug|Any CPU
		{F61061EA-F87E-4AC6-86A2-B1E05780BD81}.Release|Any CPU.ActiveCfg = Release|Any CPU
		{F61061EA-F87E-4AC6-86A2-B1E05780BD81}.Release|Any CPU.Build.0 = Release|Any CPU
		{DB69DD67-21AF-4C35-9757-0A82D2A91D21}.Debug|Any CPU.ActiveCfg = Debug|Any CPU
		{DB69DD67-21AF-4C35-9757-0A82D2A91D21}.Debug|Any CPU.Build.0 = Debug|Any CPU
		{DB69DD67-21AF-4C35-9757-0A82D2A91D21}.Release|Any CPU.ActiveCfg = Release|Any CPU
		{DB69DD67-21AF-4C35-9757-0A82D2A91D21}.Release|Any CPU.Build.0 = Release|Any CPU
		{79E3BDA4-7431-4D59-A5EA-8679E672E318}.Debug|Any CPU.ActiveCfg = Debug|Any CPU
		{79E3BDA4-7431-4D59-A5EA-8679E672E318}.Debug|Any CPU.Build.0 = Debug|Any CPU
		{79E3BDA4-7431-4D59-A5EA-8679E672E318}.Release|Any CPU.ActiveCfg = Release|Any CPU
		{79E3BDA4-7431-4D59-A5EA-8679E672E318}.Release|Any CPU.Build.0 = Release|Any CPU
		{98354CA8-23BC-4C53-9F78-BF6AFD5A2A84}.Debug|Any CPU.ActiveCfg = Debug|Any CPU
		{98354CA8-23BC-4C53-9F78-BF6AFD5A2A84}.Debug|Any CPU.Build.0 = Debug|Any CPU
		{98354CA8-23BC-4C53-9F78-BF6AFD5A2A84}.Release|Any CPU.ActiveCfg = Release|Any CPU
		{98354CA8-23BC-4C53-9F78-BF6AFD5A2A84}.Release|Any CPU.Build.0 = Release|Any CPU
		{D1818881-CCFB-45FC-9E45-01CBB9DF949F}.Debug|Any CPU.ActiveCfg = Debug|Any CPU
		{D1818881-CCFB-45FC-9E45-01CBB9DF949F}.Debug|Any CPU.Build.0 = Debug|Any CPU
		{D1818881-CCFB-45FC-9E45-01CBB9DF949F}.Release|Any CPU.ActiveCfg = Release|Any CPU
		{D1818881-CCFB-45FC-9E45-01CBB9DF949F}.Release|Any CPU.Build.0 = Release|Any CPU
		{4B36C1CE-4213-462B-8F88-68A4BD3BDA50}.Debug|Any CPU.ActiveCfg = Debug|Any CPU
		{4B36C1CE-4213-462B-8F88-68A4BD3BDA50}.Debug|Any CPU.Build.0 = Debug|Any CPU
		{4B36C1CE-4213-462B-8F88-68A4BD3BDA50}.Release|Any CPU.ActiveCfg = Release|Any CPU
		{4B36C1CE-4213-462B-8F88-68A4BD3BDA50}.Release|Any CPU.Build.0 = Release|Any CPU
		{AECA8181-B7AA-43F9-A6AB-5BCBD301C881}.Debug|Any CPU.ActiveCfg = Debug|Any CPU
		{AECA8181-B7AA-43F9-A6AB-5BCBD301C881}.Debug|Any CPU.Build.0 = Debug|Any CPU
		{AECA8181-B7AA-43F9-A6AB-5BCBD301C881}.Release|Any CPU.ActiveCfg = Release|Any CPU
		{AECA8181-B7AA-43F9-A6AB-5BCBD301C881}.Release|Any CPU.Build.0 = Release|Any CPU
		{169BA613-ED5E-45DD-9176-0283C3DD4F87}.Debug|Any CPU.ActiveCfg = Debug|Any CPU
		{169BA613-ED5E-45DD-9176-0283C3DD4F87}.Debug|Any CPU.Build.0 = Debug|Any CPU
		{169BA613-ED5E-45DD-9176-0283C3DD4F87}.Release|Any CPU.ActiveCfg = Release|Any CPU
		{169BA613-ED5E-45DD-9176-0283C3DD4F87}.Release|Any CPU.Build.0 = Release|Any CPU
		{36CED6BB-CC4C-417E-AFEC-43CBC81486A9}.Debug|Any CPU.ActiveCfg = Debug|Any CPU
		{36CED6BB-CC4C-417E-AFEC-43CBC81486A9}.Debug|Any CPU.Build.0 = Debug|Any CPU
		{36CED6BB-CC4C-417E-AFEC-43CBC81486A9}.Release|Any CPU.ActiveCfg = Release|Any CPU
		{36CED6BB-CC4C-417E-AFEC-43CBC81486A9}.Release|Any CPU.Build.0 = Release|Any CPU
		{7992C04E-5EF7-484E-8FD9-F704A6F2F794}.Debug|Any CPU.ActiveCfg = Debug|Any CPU
		{7992C04E-5EF7-484E-8FD9-F704A6F2F794}.Debug|Any CPU.Build.0 = Debug|Any CPU
		{7992C04E-5EF7-484E-8FD9-F704A6F2F794}.Release|Any CPU.ActiveCfg = Release|Any CPU
		{7992C04E-5EF7-484E-8FD9-F704A6F2F794}.Release|Any CPU.Build.0 = Release|Any CPU
		{D046D37C-6EEC-402F-919C-A1C6DFB3FC75}.Debug|Any CPU.ActiveCfg = Debug|Any CPU
		{D046D37C-6EEC-402F-919C-A1C6DFB3FC75}.Debug|Any CPU.Build.0 = Debug|Any CPU
		{D046D37C-6EEC-402F-919C-A1C6DFB3FC75}.Release|Any CPU.ActiveCfg = Release|Any CPU
		{D046D37C-6EEC-402F-919C-A1C6DFB3FC75}.Release|Any CPU.Build.0 = Release|Any CPU
		{E2AB9ABF-820C-4C7C-AA8E-86ADA0D40045}.Debug|Any CPU.ActiveCfg = Debug|Any CPU
		{E2AB9ABF-820C-4C7C-AA8E-86ADA0D40045}.Debug|Any CPU.Build.0 = Debug|Any CPU
		{E2AB9ABF-820C-4C7C-AA8E-86ADA0D40045}.Release|Any CPU.ActiveCfg = Release|Any CPU
		{E2AB9ABF-820C-4C7C-AA8E-86ADA0D40045}.Release|Any CPU.Build.0 = Release|Any CPU
		{7363B43F-B6FC-43A6-AB1E-1E859D6105EE}.Debug|Any CPU.ActiveCfg = Debug|Any CPU
		{7363B43F-B6FC-43A6-AB1E-1E859D6105EE}.Debug|Any CPU.Build.0 = Debug|Any CPU
		{7363B43F-B6FC-43A6-AB1E-1E859D6105EE}.Release|Any CPU.ActiveCfg = Release|Any CPU
		{7363B43F-B6FC-43A6-AB1E-1E859D6105EE}.Release|Any CPU.Build.0 = Release|Any CPU
		{D6D63C8D-3E11-4E9E-BC2C-1DE83996FB2F}.Debug|Any CPU.ActiveCfg = Debug|Any CPU
		{D6D63C8D-3E11-4E9E-BC2C-1DE83996FB2F}.Debug|Any CPU.Build.0 = Debug|Any CPU
		{D6D63C8D-3E11-4E9E-BC2C-1DE83996FB2F}.Release|Any CPU.ActiveCfg = Release|Any CPU
		{D6D63C8D-3E11-4E9E-BC2C-1DE83996FB2F}.Release|Any CPU.Build.0 = Release|Any CPU
		{F2E9BA20-B9B6-4932-B217-6036FF72EC74}.Debug|Any CPU.ActiveCfg = Debug|Any CPU
		{F2E9BA20-B9B6-4932-B217-6036FF72EC74}.Debug|Any CPU.Build.0 = Debug|Any CPU
		{F2E9BA20-B9B6-4932-B217-6036FF72EC74}.Release|Any CPU.ActiveCfg = Release|Any CPU
		{F2E9BA20-B9B6-4932-B217-6036FF72EC74}.Release|Any CPU.Build.0 = Release|Any CPU
		{9A717E86-34AC-4A5B-980B-218E288F5E7C}.Debug|Any CPU.ActiveCfg = Debug|Any CPU
		{9A717E86-34AC-4A5B-980B-218E288F5E7C}.Debug|Any CPU.Build.0 = Debug|Any CPU
		{9A717E86-34AC-4A5B-980B-218E288F5E7C}.Release|Any CPU.ActiveCfg = Release|Any CPU
		{9A717E86-34AC-4A5B-980B-218E288F5E7C}.Release|Any CPU.Build.0 = Release|Any CPU
		{7D110634-EED2-4A6E-B38A-96A06D84BF11}.Debug|Any CPU.ActiveCfg = Debug|Any CPU
		{7D110634-EED2-4A6E-B38A-96A06D84BF11}.Debug|Any CPU.Build.0 = Debug|Any CPU
		{7D110634-EED2-4A6E-B38A-96A06D84BF11}.Release|Any CPU.ActiveCfg = Release|Any CPU
		{7D110634-EED2-4A6E-B38A-96A06D84BF11}.Release|Any CPU.Build.0 = Release|Any CPU
		{56461E35-2E05-4159-9988-32000FDD938D}.Debug|Any CPU.ActiveCfg = Debug|Any CPU
		{56461E35-2E05-4159-9988-32000FDD938D}.Debug|Any CPU.Build.0 = Debug|Any CPU
		{56461E35-2E05-4159-9988-32000FDD938D}.Release|Any CPU.ActiveCfg = Release|Any CPU
		{56461E35-2E05-4159-9988-32000FDD938D}.Release|Any CPU.Build.0 = Release|Any CPU
		{074D8DBE-C198-486F-936B-58E108CA68E5}.Debug|Any CPU.ActiveCfg = Debug|Any CPU
		{074D8DBE-C198-486F-936B-58E108CA68E5}.Debug|Any CPU.Build.0 = Debug|Any CPU
		{074D8DBE-C198-486F-936B-58E108CA68E5}.Release|Any CPU.ActiveCfg = Release|Any CPU
		{074D8DBE-C198-486F-936B-58E108CA68E5}.Release|Any CPU.Build.0 = Release|Any CPU
		{0685285B-5B93-4103-8DAF-7537665100AE}.Debug|Any CPU.ActiveCfg = Debug|Any CPU
		{0685285B-5B93-4103-8DAF-7537665100AE}.Debug|Any CPU.Build.0 = Debug|Any CPU
		{0685285B-5B93-4103-8DAF-7537665100AE}.Release|Any CPU.ActiveCfg = Release|Any CPU
		{0685285B-5B93-4103-8DAF-7537665100AE}.Release|Any CPU.Build.0 = Release|Any CPU
		{0D41B4ED-2C05-417D-920E-F38C008F62FF}.Debug|Any CPU.ActiveCfg = Debug|Any CPU
		{0D41B4ED-2C05-417D-920E-F38C008F62FF}.Debug|Any CPU.Build.0 = Debug|Any CPU
		{0D41B4ED-2C05-417D-920E-F38C008F62FF}.Release|Any CPU.ActiveCfg = Release|Any CPU
		{0D41B4ED-2C05-417D-920E-F38C008F62FF}.Release|Any CPU.Build.0 = Release|Any CPU
		{CB5951DF-2E44-4AFB-B7D6-7FBFA43DC822}.Debug|Any CPU.ActiveCfg = Debug|Any CPU
		{CB5951DF-2E44-4AFB-B7D6-7FBFA43DC822}.Debug|Any CPU.Build.0 = Debug|Any CPU
		{CB5951DF-2E44-4AFB-B7D6-7FBFA43DC822}.Release|Any CPU.ActiveCfg = Release|Any CPU
		{CB5951DF-2E44-4AFB-B7D6-7FBFA43DC822}.Release|Any CPU.Build.0 = Release|Any CPU
		{202BFEA9-A748-4C40-8A14-3A5FC4E91858}.Debug|Any CPU.ActiveCfg = Debug|Any CPU
		{202BFEA9-A748-4C40-8A14-3A5FC4E91858}.Debug|Any CPU.Build.0 = Debug|Any CPU
		{202BFEA9-A748-4C40-8A14-3A5FC4E91858}.Release|Any CPU.ActiveCfg = Release|Any CPU
		{202BFEA9-A748-4C40-8A14-3A5FC4E91858}.Release|Any CPU.Build.0 = Release|Any CPU
		{3919AC1A-D5EF-4167-BABE-320345401133}.Debug|Any CPU.ActiveCfg = Debug|Any CPU
		{3919AC1A-D5EF-4167-BABE-320345401133}.Debug|Any CPU.Build.0 = Debug|Any CPU
		{3919AC1A-D5EF-4167-BABE-320345401133}.Release|Any CPU.ActiveCfg = Release|Any CPU
		{3919AC1A-D5EF-4167-BABE-320345401133}.Release|Any CPU.Build.0 = Release|Any CPU
		{336411A2-036C-4033-B395-B688C01C838E}.Debug|Any CPU.ActiveCfg = Debug|Any CPU
		{336411A2-036C-4033-B395-B688C01C838E}.Debug|Any CPU.Build.0 = Debug|Any CPU
		{336411A2-036C-4033-B395-B688C01C838E}.Release|Any CPU.ActiveCfg = Release|Any CPU
		{336411A2-036C-4033-B395-B688C01C838E}.Release|Any CPU.Build.0 = Release|Any CPU
		{495E0A9F-646F-495C-AACA-59EAB08CAC45}.Debug|Any CPU.ActiveCfg = Debug|Any CPU
		{495E0A9F-646F-495C-AACA-59EAB08CAC45}.Debug|Any CPU.Build.0 = Debug|Any CPU
		{495E0A9F-646F-495C-AACA-59EAB08CAC45}.Release|Any CPU.ActiveCfg = Release|Any CPU
		{495E0A9F-646F-495C-AACA-59EAB08CAC45}.Release|Any CPU.Build.0 = Release|Any CPU
		{14C85AF3-CD70-4045-A869-C6108E2A7F10}.Debug|Any CPU.ActiveCfg = Debug|Any CPU
		{14C85AF3-CD70-4045-A869-C6108E2A7F10}.Debug|Any CPU.Build.0 = Debug|Any CPU
		{14C85AF3-CD70-4045-A869-C6108E2A7F10}.Release|Any CPU.ActiveCfg = Release|Any CPU
		{14C85AF3-CD70-4045-A869-C6108E2A7F10}.Release|Any CPU.Build.0 = Release|Any CPU
		{B1F4E31C-DB06-40FE-9A8C-A6F8435A2024}.Debug|Any CPU.ActiveCfg = Debug|Any CPU
		{B1F4E31C-DB06-40FE-9A8C-A6F8435A2024}.Debug|Any CPU.Build.0 = Debug|Any CPU
		{B1F4E31C-DB06-40FE-9A8C-A6F8435A2024}.Release|Any CPU.ActiveCfg = Release|Any CPU
		{B1F4E31C-DB06-40FE-9A8C-A6F8435A2024}.Release|Any CPU.Build.0 = Release|Any CPU
		{0DBEC7E4-D3FD-4C7D-9D64-550100BC7ABD}.Debug|Any CPU.ActiveCfg = Debug|Any CPU
		{0DBEC7E4-D3FD-4C7D-9D64-550100BC7ABD}.Debug|Any CPU.Build.0 = Debug|Any CPU
		{0DBEC7E4-D3FD-4C7D-9D64-550100BC7ABD}.Release|Any CPU.ActiveCfg = Release|Any CPU
		{0DBEC7E4-D3FD-4C7D-9D64-550100BC7ABD}.Release|Any CPU.Build.0 = Release|Any CPU
		{DE1D9E0C-6E8E-4648-B0E2-E2147C75D88B}.Debug|Any CPU.ActiveCfg = Debug|Any CPU
		{DE1D9E0C-6E8E-4648-B0E2-E2147C75D88B}.Debug|Any CPU.Build.0 = Debug|Any CPU
		{DE1D9E0C-6E8E-4648-B0E2-E2147C75D88B}.Release|Any CPU.ActiveCfg = Release|Any CPU
		{DE1D9E0C-6E8E-4648-B0E2-E2147C75D88B}.Release|Any CPU.Build.0 = Release|Any CPU
		{62E9B03A-6069-4C70-8D92-041E6133E7CA}.Debug|Any CPU.ActiveCfg = Debug|Any CPU
		{62E9B03A-6069-4C70-8D92-041E6133E7CA}.Debug|Any CPU.Build.0 = Debug|Any CPU
		{62E9B03A-6069-4C70-8D92-041E6133E7CA}.Release|Any CPU.ActiveCfg = Release|Any CPU
		{62E9B03A-6069-4C70-8D92-041E6133E7CA}.Release|Any CPU.Build.0 = Release|Any CPU
		{9FFD024D-5D83-4F25-951B-2DF086B3FAA6}.Debug|Any CPU.ActiveCfg = Debug|Any CPU
		{9FFD024D-5D83-4F25-951B-2DF086B3FAA6}.Debug|Any CPU.Build.0 = Debug|Any CPU
		{9FFD024D-5D83-4F25-951B-2DF086B3FAA6}.Release|Any CPU.ActiveCfg = Release|Any CPU
		{9FFD024D-5D83-4F25-951B-2DF086B3FAA6}.Release|Any CPU.Build.0 = Release|Any CPU
		{36478159-D4ED-4682-A42C-CE3B59B7D862}.Debug|Any CPU.ActiveCfg = Debug|Any CPU
		{36478159-D4ED-4682-A42C-CE3B59B7D862}.Debug|Any CPU.Build.0 = Debug|Any CPU
		{36478159-D4ED-4682-A42C-CE3B59B7D862}.Release|Any CPU.ActiveCfg = Release|Any CPU
		{36478159-D4ED-4682-A42C-CE3B59B7D862}.Release|Any CPU.Build.0 = Release|Any CPU
	EndGlobalSection
	GlobalSection(SolutionProperties) = preSolution
		HideSolutionNode = FALSE
	EndGlobalSection
	GlobalSection(ExtensibilityGlobals) = postSolution
		SolutionGuid = {45BF2792-7085-4A3D-8A03-24171BCF6A10}
	EndGlobalSection
EndGlobal
